
Microsoft Visual Studio Solution File, Format Version 12.00
# Visual Studio Version 17
VisualStudioVersion = 17.1.32421.90
MinimumVisualStudioVersion = 10.0.40219.1
Project("{9A19103F-16F7-4668-BE54-9A1E7A4F7556}") = "DigiVisio2030.API", "API\src\DigiVisio2030.API.csproj", "{94D32E91-0E37-497E-A597-412AAF034B4F}"
EndProject
Project("{E53339B2-1760-4266-BCC7-CA923CBCF16C}") = "docker-compose", "docker-compose.dcproj", "{685374F7-6B79-46C1-A7A8-E5440B1970DE}"
EndProject
Project("{2150E333-8FDC-42A3-9474-1A3956D46DE8}") = "API", "API", "{60276095-C189-44C1-AE4F-BBAA0E6A08AF}"
EndProject
Project("{2150E333-8FDC-42A3-9474-1A3956D46DE8}") = "test", "test", "{42E321C2-55E4-4D1E-ABEB-5EF014577C54}"
EndProject
Project("{2150E333-8FDC-42A3-9474-1A3956D46DE8}") = "src", "src", "{4EF7F11D-4A8B-4491-B020-AB2529136922}"
EndProject
Project("{2150E333-8FDC-42A3-9474-1A3956D46DE8}") = "BL", "BL", "{80323746-B9A9-48D6-88CF-C2E08464C5FB}"
EndProject
Project("{2150E333-8FDC-42A3-9474-1A3956D46DE8}") = "src", "src", "{94899331-A5B6-468E-90D1-195FFDBA444D}"
EndProject
Project("{9A19103F-16F7-4668-BE54-9A1E7A4F7556}") = "DigiVisio2030.BL", "BL\src\DigiVisio2030.BL.csproj", "{501E2F54-813F-4E87-807F-AD4A50EF0B5A}"
EndProject
Project("{2150E333-8FDC-42A3-9474-1A3956D46DE8}") = "DA", "DA", "{19E05618-9C7C-4462-9A36-9F2E0DD50A77}"
EndProject
Project("{2150E333-8FDC-42A3-9474-1A3956D46DE8}") = "src", "src", "{2D9FF626-FB66-4910-B82C-6524D1E9B1A1}"
EndProject
Project("{9A19103F-16F7-4668-BE54-9A1E7A4F7556}") = "DigiVisio2030.DA", "DA\src\DigiVisio2030.DA.csproj", "{0ABFE45C-B31D-44FD-91EA-5D7904B45B75}"
EndProject
Global
	GlobalSection(SolutionConfigurationPlatforms) = preSolution
		Debug|Any CPU = Debug|Any CPU
		Release|Any CPU = Release|Any CPU
	EndGlobalSection
	GlobalSection(ProjectConfigurationPlatforms) = postSolution
		{94D32E91-0E37-497E-A597-412AAF034B4F}.Debug|Any CPU.ActiveCfg = Debug|Any CPU
		{94D32E91-0E37-497E-A597-412AAF034B4F}.Debug|Any CPU.Build.0 = Debug|Any CPU
		{94D32E91-0E37-497E-A597-412AAF034B4F}.Release|Any CPU.ActiveCfg = Release|Any CPU
		{94D32E91-0E37-497E-A597-412AAF034B4F}.Release|Any CPU.Build.0 = Release|Any CPU
		{685374F7-6B79-46C1-A7A8-E5440B1970DE}.Debug|Any CPU.ActiveCfg = Debug|Any CPU
		{685374F7-6B79-46C1-A7A8-E5440B1970DE}.Debug|Any CPU.Build.0 = Debug|Any CPU
		{685374F7-6B79-46C1-A7A8-E5440B1970DE}.Release|Any CPU.ActiveCfg = Release|Any CPU
		{685374F7-6B79-46C1-A7A8-E5440B1970DE}.Release|Any CPU.Build.0 = Release|Any CPU
		{501E2F54-813F-4E87-807F-AD4A50EF0B5A}.Debug|Any CPU.ActiveCfg = Debug|Any CPU
		{501E2F54-813F-4E87-807F-AD4A50EF0B5A}.Debug|Any CPU.Build.0 = Debug|Any CPU
		{501E2F54-813F-4E87-807F-AD4A50EF0B5A}.Release|Any CPU.ActiveCfg = Release|Any CPU
		{501E2F54-813F-4E87-807F-AD4A50EF0B5A}.Release|Any CPU.Build.0 = Release|Any CPU
		{0ABFE45C-B31D-44FD-91EA-5D7904B45B75}.Debug|Any CPU.ActiveCfg = Debug|Any CPU
		{0ABFE45C-B31D-44FD-91EA-5D7904B45B75}.Debug|Any CPU.Build.0 = Debug|Any CPU
		{0ABFE45C-B31D-44FD-91EA-5D7904B45B75}.Release|Any CPU.ActiveCfg = Release|Any CPU
		{0ABFE45C-B31D-44FD-91EA-5D7904B45B75}.Release|Any CPU.Build.0 = Release|Any CPU
	EndGlobalSection
	GlobalSection(SolutionProperties) = preSolution
		HideSolutionNode = FALSE
	EndGlobalSection
	GlobalSection(NestedProjects) = preSolution
		{94D32E91-0E37-497E-A597-412AAF034B4F} = {4EF7F11D-4A8B-4491-B020-AB2529136922}
		{42E321C2-55E4-4D1E-ABEB-5EF014577C54} = {60276095-C189-44C1-AE4F-BBAA0E6A08AF}
		{4EF7F11D-4A8B-4491-B020-AB2529136922} = {60276095-C189-44C1-AE4F-BBAA0E6A08AF}
		{94899331-A5B6-468E-90D1-195FFDBA444D} = {80323746-B9A9-48D6-88CF-C2E08464C5FB}
		{501E2F54-813F-4E87-807F-AD4A50EF0B5A} = {94899331-A5B6-468E-90D1-195FFDBA444D}
		{2D9FF626-FB66-4910-B82C-6524D1E9B1A1} = {19E05618-9C7C-4462-9A36-9F2E0DD50A77}
		{0ABFE45C-B31D-44FD-91EA-5D7904B45B75} = {2D9FF626-FB66-4910-B82C-6524D1E9B1A1}
	EndGlobalSection
	GlobalSection(ExtensibilityGlobals) = postSolution
		SolutionGuid = {560F439F-8FBD-471D-8919-8E2343110F87}
	EndGlobalSection
EndGlobal
